
Microsoft Visual Studio Solution File, Format Version 12.00
# Visual Studio 15
VisualStudioVersion = 15.0.28010.2016
MinimumVisualStudioVersion = 10.0.40219.1
Project("{FAE04EC0-301F-11D3-BF4B-00C04F79EFBC}") = "ContactsDemo.Android", "ContactsDemo\ContactsDemo.Android\ContactsDemo.Android.csproj", "{642D8CBC-9DCB-4C27-BF99-B4750C8949EE}"
EndProject
Project("{FAE04EC0-301F-11D3-BF4B-00C04F79EFBC}") = "ContactsDemo.iOS", "ContactsDemo\ContactsDemo.iOS\ContactsDemo.iOS.csproj", "{086806F2-B582-404D-ADB4-2BB6B2DAA80B}"
EndProject
Project("{9A19103F-16F7-4668-BE54-9A1E7A4F7556}") = "ContactsDemo", "ContactsDemo\ContactsDemo\ContactsDemo.csproj", "{C686A761-C205-4849-BA05-7FDBF1EAAF22}"
EndProject
Global
	GlobalSection(SolutionConfigurationPlatforms) = preSolution
		Ad-Hoc|Any CPU = Ad-Hoc|Any CPU
		Ad-Hoc|iPhone = Ad-Hoc|iPhone
		Ad-Hoc|iPhoneSimulator = Ad-Hoc|iPhoneSimulator
		AppStore|Any CPU = AppStore|Any CPU
		AppStore|iPhone = AppStore|iPhone
		AppStore|iPhoneSimulator = AppStore|iPhoneSimulator
		Debug|Any CPU = Debug|Any CPU
		Debug|iPhone = Debug|iPhone
		Debug|iPhoneSimulator = Debug|iPhoneSimulator
		Release|Any CPU = Release|Any CPU
		Release|iPhone = Release|iPhone
		Release|iPhoneSimulator = Release|iPhoneSimulator
	EndGlobalSection
	GlobalSection(ProjectConfigurationPlatforms) = postSolution
		{642D8CBC-9DCB-4C27-BF99-B4750C8949EE}.Ad-Hoc|Any CPU.ActiveCfg = Release|Any CPU
		{642D8CBC-9DCB-4C27-BF99-B4750C8949EE}.Ad-Hoc|Any CPU.Build.0 = Release|Any CPU
		{642D8CBC-9DCB-4C27-BF99-B4750C8949EE}.Ad-Hoc|Any CPU.Deploy.0 = Release|Any CPU
		{642D8CBC-9DCB-4C27-BF99-B4750C8949EE}.Ad-Hoc|iPhone.ActiveCfg = Release|Any CPU
		{642D8CBC-9DCB-4C27-BF99-B4750C8949EE}.Ad-Hoc|iPhone.Build.0 = Release|Any CPU
		{642D8CBC-9DCB-4C27-BF99-B4750C8949EE}.Ad-Hoc|iPhone.Deploy.0 = Release|Any CPU
		{642D8CBC-9DCB-4C27-BF99-B4750C8949EE}.Ad-Hoc|iPhoneSimulator.ActiveCfg = Release|Any CPU
		{642D8CBC-9DCB-4C27-BF99-B4750C8949EE}.Ad-Hoc|iPhoneSimulator.Build.0 = Release|Any CPU
		{642D8CBC-9DCB-4C27-BF99-B4750C8949EE}.Ad-Hoc|iPhoneSimulator.Deploy.0 = Release|Any CPU
		{642D8CBC-9DCB-4C27-BF99-B4750C8949EE}.AppStore|Any CPU.ActiveCfg = Release|Any CPU
		{642D8CBC-9DCB-4C27-BF99-B4750C8949EE}.AppStore|Any CPU.Build.0 = Release|Any CPU
		{642D8CBC-9DCB-4C27-BF99-B4750C8949EE}.AppStore|Any CPU.Deploy.0 = Release|Any CPU
		{642D8CBC-9DCB-4C27-BF99-B4750C8949EE}.AppStore|iPhone.ActiveCfg = Release|Any CPU
		{642D8CBC-9DCB-4C27-BF99-B4750C8949EE}.AppStore|iPhone.Build.0 = Release|Any CPU
		{642D8CBC-9DCB-4C27-BF99-B4750C8949EE}.AppStore|iPhone.Deploy.0 = Release|Any CPU
		{642D8CBC-9DCB-4C27-BF99-B4750C8949EE}.AppStore|iPhoneSimulator.ActiveCfg = Release|Any CPU
		{642D8CBC-9DCB-4C27-BF99-B4750C8949EE}.AppStore|iPhoneSimulator.Build.0 = Release|Any CPU
		{642D8CBC-9DCB-4C27-BF99-B4750C8949EE}.AppStore|iPhoneSimulator.Deploy.0 = Release|Any CPU
		{642D8CBC-9DCB-4C27-BF99-B4750C8949EE}.Debug|Any CPU.ActiveCfg = Debug|Any CPU
		{642D8CBC-9DCB-4C27-BF99-B4750C8949EE}.Debug|Any CPU.Build.0 = Debug|Any CPU
		{642D8CBC-9DCB-4C27-BF99-B4750C8949EE}.Debug|Any CPU.Deploy.0 = Debug|Any CPU
		{642D8CBC-9DCB-4C27-BF99-B4750C8949EE}.Debug|iPhone.ActiveCfg = Debug|Any CPU
		{642D8CBC-9DCB-4C27-BF99-B4750C8949EE}.Debug|iPhone.Build.0 = Debug|Any CPU
		{642D8CBC-9DCB-4C27-BF99-B4750C8949EE}.Debug|iPhone.Deploy.0 = Debug|Any CPU
		{642D8CBC-9DCB-4C27-BF99-B4750C8949EE}.Debug|iPhoneSimulator.ActiveCfg = Debug|Any CPU
		{642D8CBC-9DCB-4C27-BF99-B4750C8949EE}.Debug|iPhoneSimulator.Build.0 = Debug|Any CPU
		{642D8CBC-9DCB-4C27-BF99-B4750C8949EE}.Debug|iPhoneSimulator.Deploy.0 = Debug|Any CPU
		{642D8CBC-9DCB-4C27-BF99-B4750C8949EE}.Release|Any CPU.ActiveCfg = Release|Any CPU
		{642D8CBC-9DCB-4C27-BF99-B4750C8949EE}.Release|Any CPU.Build.0 = Release|Any CPU
		{642D8CBC-9DCB-4C27-BF99-B4750C8949EE}.Release|Any CPU.Deploy.0 = Release|Any CPU
		{642D8CBC-9DCB-4C27-BF99-B4750C8949EE}.Release|iPhone.ActiveCfg = Release|Any CPU
		{642D8CBC-9DCB-4C27-BF99-B4750C8949EE}.Release|iPhone.Build.0 = Release|Any CPU
		{642D8CBC-9DCB-4C27-BF99-B4750C8949EE}.Release|iPhone.Deploy.0 = Release|Any CPU
		{642D8CBC-9DCB-4C27-BF99-B4750C8949EE}.Release|iPhoneSimulator.ActiveCfg = Release|Any CPU
		{642D8CBC-9DCB-4C27-BF99-B4750C8949EE}.Release|iPhoneSimulator.Build.0 = Release|Any CPU
		{642D8CBC-9DCB-4C27-BF99-B4750C8949EE}.Release|iPhoneSimulator.Deploy.0 = Release|Any CPU
		{086806F2-B582-404D-ADB4-2BB6B2DAA80B}.Ad-Hoc|Any CPU.ActiveCfg = Ad-Hoc|iPhone
		{086806F2-B582-404D-ADB4-2BB6B2DAA80B}.Ad-Hoc|Any CPU.Build.0 = Ad-Hoc|iPhone
		{086806F2-B582-404D-ADB4-2BB6B2DAA80B}.Ad-Hoc|Any CPU.Deploy.0 = Ad-Hoc|iPhone
		{086806F2-B582-404D-ADB4-2BB6B2DAA80B}.Ad-Hoc|iPhone.ActiveCfg = Ad-Hoc|iPhone
		{086806F2-B582-404D-ADB4-2BB6B2DAA80B}.Ad-Hoc|iPhone.Build.0 = Ad-Hoc|iPhone
		{086806F2-B582-404D-ADB4-2BB6B2DAA80B}.Ad-Hoc|iPhone.Deploy.0 = Ad-Hoc|iPhone
		{086806F2-B582-404D-ADB4-2BB6B2DAA80B}.Ad-Hoc|iPhoneSimulator.ActiveCfg = Ad-Hoc|iPhoneSimulator
		{086806F2-B582-404D-ADB4-2BB6B2DAA80B}.Ad-Hoc|iPhoneSimulator.Build.0 = Ad-Hoc|iPhoneSimulator
		{086806F2-B582-404D-ADB4-2BB6B2DAA80B}.Ad-Hoc|iPhoneSimulator.Deploy.0 = Ad-Hoc|iPhoneSimulator
		{086806F2-B582-404D-ADB4-2BB6B2DAA80B}.AppStore|Any CPU.ActiveCfg = AppStore|iPhone
		{086806F2-B582-404D-ADB4-2BB6B2DAA80B}.AppStore|Any CPU.Build.0 = AppStore|iPhone
		{086806F2-B582-404D-ADB4-2BB6B2DAA80B}.AppStore|Any CPU.Deploy.0 = AppStore|iPhone
		{086806F2-B582-404D-ADB4-2BB6B2DAA80B}.AppStore|iPhone.ActiveCfg = AppStore|iPhone
		{086806F2-B582-404D-ADB4-2BB6B2DAA80B}.AppStore|iPhone.Build.0 = AppStore|iPhone
		{086806F2-B582-404D-ADB4-2BB6B2DAA80B}.AppStore|iPhone.Deploy.0 = AppStore|iPhone
		{086806F2-B582-404D-ADB4-2BB6B2DAA80B}.AppStore|iPhoneSimulator.ActiveCfg = AppStore|iPhoneSimulator
		{086806F2-B582-404D-ADB4-2BB6B2DAA80B}.AppStore|iPhoneSimulator.Build.0 = AppStore|iPhoneSimulator
		{086806F2-B582-404D-ADB4-2BB6B2DAA80B}.AppStore|iPhoneSimulator.Deploy.0 = AppStore|iPhoneSimulator
		{086806F2-B582-404D-ADB4-2BB6B2DAA80B}.Debug|Any CPU.ActiveCfg = Debug|iPhoneSimulator
		{086806F2-B582-404D-ADB4-2BB6B2DAA80B}.Debug|Any CPU.Build.0 = Debug|iPhoneSimulator
		{086806F2-B582-404D-ADB4-2BB6B2DAA80B}.Debug|Any CPU.Deploy.0 = Debug|iPhoneSimulator
		{086806F2-B582-404D-ADB4-2BB6B2DAA80B}.Debug|iPhone.ActiveCfg = Debug|iPhone
		{086806F2-B582-404D-ADB4-2BB6B2DAA80B}.Debug|iPhone.Build.0 = Debug|iPhone
		{086806F2-B582-404D-ADB4-2BB6B2DAA80B}.Debug|iPhone.Deploy.0 = Debug|iPhone
		{086806F2-B582-404D-ADB4-2BB6B2DAA80B}.Debug|iPhoneSimulator.ActiveCfg = Debug|iPhoneSimulator
		{086806F2-B582-404D-ADB4-2BB6B2DAA80B}.Debug|iPhoneSimulator.Build.0 = Debug|iPhoneSimulator
		{086806F2-B582-404D-ADB4-2BB6B2DAA80B}.Debug|iPhoneSimulator.Deploy.0 = Debug|iPhoneSimulator
		{086806F2-B582-404D-ADB4-2BB6B2DAA80B}.Release|Any CPU.ActiveCfg = Release|iPhone
		{086806F2-B582-404D-ADB4-2BB6B2DAA80B}.Release|Any CPU.Build.0 = Release|iPhone
		{086806F2-B582-404D-ADB4-2BB6B2DAA80B}.Release|Any CPU.Deploy.0 = Release|iPhone
		{086806F2-B582-404D-ADB4-2BB6B2DAA80B}.Release|iPhone.ActiveCfg = Release|iPhone
		{086806F2-B582-404D-ADB4-2BB6B2DAA80B}.Release|iPhone.Build.0 = Release|iPhone
		{086806F2-B582-404D-ADB4-2BB6B2DAA80B}.Release|iPhone.Deploy.0 = Release|iPhone
		{086806F2-B582-404D-ADB4-2BB6B2DAA80B}.Release|iPhoneSimulator.ActiveCfg = Release|iPhoneSimulator
		{086806F2-B582-404D-ADB4-2BB6B2DAA80B}.Release|iPhoneSimulator.Build.0 = Release|iPhoneSimulator
		{086806F2-B582-404D-ADB4-2BB6B2DAA80B}.Release|iPhoneSimulator.Deploy.0 = Release|iPhoneSimulator
		{C686A761-C205-4849-BA05-7FDBF1EAAF22}.Ad-Hoc|Any CPU.ActiveCfg = Debug|Any CPU
		{C686A761-C205-4849-BA05-7FDBF1EAAF22}.Ad-Hoc|Any CPU.Build.0 = Debug|Any CPU
		{C686A761-C205-4849-BA05-7FDBF1EAAF22}.Ad-Hoc|Any CPU.Deploy.0 = Debug|Any CPU
		{C686A761-C205-4849-BA05-7FDBF1EAAF22}.Ad-Hoc|iPhone.ActiveCfg = Debug|Any CPU
		{C686A761-C205-4849-BA05-7FDBF1EAAF22}.Ad-Hoc|iPhone.Build.0 = Debug|Any CPU
		{C686A761-C205-4849-BA05-7FDBF1EAAF22}.Ad-Hoc|iPhone.Deploy.0 = Debug|Any CPU
		{C686A761-C205-4849-BA05-7FDBF1EAAF22}.Ad-Hoc|iPhoneSimulator.ActiveCfg = Debug|Any CPU
		{C686A761-C205-4849-BA05-7FDBF1EAAF22}.Ad-Hoc|iPhoneSimulator.Build.0 = Debug|Any CPU
		{C686A761-C205-4849-BA05-7FDBF1EAAF22}.Ad-Hoc|iPhoneSimulator.Deploy.0 = Debug|Any CPU
		{C686A761-C205-4849-BA05-7FDBF1EAAF22}.AppStore|Any CPU.ActiveCfg = Debug|Any CPU
		{C686A761-C205-4849-BA05-7FDBF1EAAF22}.AppStore|Any CPU.Build.0 = Debug|Any CPU
		{C686A761-C205-4849-BA05-7FDBF1EAAF22}.AppStore|Any CPU.Deploy.0 = Debug|Any CPU
		{C686A761-C205-4849-BA05-7FDBF1EAAF22}.AppStore|iPhone.ActiveCfg = Debug|Any CPU
		{C686A761-C205-4849-BA05-7FDBF1EAAF22}.AppStore|iPhone.Build.0 = Debug|Any CPU
		{C686A761-C205-4849-BA05-7FDBF1EAAF22}.AppStore|iPhone.Deploy.0 = Debug|Any CPU
		{C686A761-C205-4849-BA05-7FDBF1EAAF22}.AppStore|iPhoneSimulator.ActiveCfg = Debug|Any CPU
		{C686A761-C205-4849-BA05-7FDBF1EAAF22}.AppStore|iPhoneSimulator.Build.0 = Debug|Any CPU
		{C686A761-C205-4849-BA05-7FDBF1EAAF22}.AppStore|iPhoneSimulator.Deploy.0 = Debug|Any CPU
		{C686A761-C205-4849-BA05-7FDBF1EAAF22}.Debug|Any CPU.ActiveCfg = Debug|Any CPU
		{C686A761-C205-4849-BA05-7FDBF1EAAF22}.Debug|Any CPU.Build.0 = Debug|Any CPU
		{C686A761-C205-4849-BA05-7FDBF1EAAF22}.Debug|Any CPU.Deploy.0 = Debug|Any CPU
		{C686A761-C205-4849-BA05-7FDBF1EAAF22}.Debug|iPhone.ActiveCfg = Debug|Any CPU
		{C686A761-C205-4849-BA05-7FDBF1EAAF22}.Debug|iPhone.Build.0 = Debug|Any CPU
		{C686A761-C205-4849-BA05-7FDBF1EAAF22}.Debug|iPhone.Deploy.0 = Debug|Any CPU
		{C686A761-C205-4849-BA05-7FDBF1EAAF22}.Debug|iPhoneSimulator.ActiveCfg = Debug|Any CPU
		{C686A761-C205-4849-BA05-7FDBF1EAAF22}.Debug|iPhoneSimulator.Build.0 = Debug|Any CPU
		{C686A761-C205-4849-BA05-7FDBF1EAAF22}.Debug|iPhoneSimulator.Deploy.0 = Debug|Any CPU
		{C686A761-C205-4849-BA05-7FDBF1EAAF22}.Release|Any CPU.ActiveCfg = Release|Any CPU
		{C686A761-C205-4849-BA05-7FDBF1EAAF22}.Release|Any CPU.Build.0 = Release|Any CPU
		{C686A761-C205-4849-BA05-7FDBF1EAAF22}.Release|Any CPU.Deploy.0 = Release|Any CPU
		{C686A761-C205-4849-BA05-7FDBF1EAAF22}.Release|iPhone.ActiveCfg = Release|Any CPU
		{C686A761-C205-4849-BA05-7FDBF1EAAF22}.Release|iPhone.Build.0 = Release|Any CPU
		{C686A761-C205-4849-BA05-7FDBF1EAAF22}.Release|iPhone.Deploy.0 = Release|Any CPU
		{C686A761-C205-4849-BA05-7FDBF1EAAF22}.Release|iPhoneSimulator.ActiveCfg = Release|Any CPU
		{C686A761-C205-4849-BA05-7FDBF1EAAF22}.Release|iPhoneSimulator.Build.0 = Release|Any CPU
		{C686A761-C205-4849-BA05-7FDBF1EAAF22}.Release|iPhoneSimulator.Deploy.0 = Release|Any CPU
	EndGlobalSection
	GlobalSection(SolutionProperties) = preSolution
		HideSolutionNode = FALSE
	EndGlobalSection
	GlobalSection(ExtensibilityGlobals) = postSolution
		SolutionGuid = {6BC33C84-A168-461B-9D2E-FD276805B774}
	EndGlobalSection
EndGlobal
